
Microsoft Visual Studio Solution File, Format Version 12.00
# Visual Studio Version 17
VisualStudioVersion = 17.14.36414.22 d17.14
MinimumVisualStudioVersion = 10.0.40219.1
Project("{FAE04EC0-301F-11D3-BF4B-00C04F79EFBC}") = "CakeBuild", "CakeBuild\CakeBuild.csproj", "{C9A22B63-75EB-499A-85E6-C7379AB3CBCF}"
EndProject
Project("{FAE04EC0-301F-11D3-BF4B-00C04F79EFBC}") = "morebeams", "morebeams\morebeams.csproj", "{3A800BA6-6D86-4D99-888A-534194188029}"
EndProject
Global
	GlobalSection(SolutionConfigurationPlatforms) = preSolution
		Debug|Any CPU = Debug|Any CPU
		Release|Any CPU = Release|Any CPU
	EndGlobalSection
	GlobalSection(ProjectConfigurationPlatforms) = postSolution
		{C9A22B63-75EB-499A-85E6-C7379AB3CBCF}.Debug|Any CPU.ActiveCfg = Debug|Any CPU
		{C9A22B63-75EB-499A-85E6-C7379AB3CBCF}.Debug|Any CPU.Build.0 = Debug|Any CPU
		{C9A22B63-75EB-499A-85E6-C7379AB3CBCF}.Release|Any CPU.ActiveCfg = Release|Any CPU
		{C9A22B63-75EB-499A-85E6-C7379AB3CBCF}.Release|Any CPU.Build.0 = Release|Any CPU
		{3A800BA6-6D86-4D99-888A-534194188029}.Debug|Any CPU.ActiveCfg = Debug|Any CPU
		{3A800BA6-6D86-4D99-888A-534194188029}.Debug|Any CPU.Build.0 = Debug|Any CPU
		{3A800BA6-6D86-4D99-888A-534194188029}.Release|Any CPU.ActiveCfg = Release|Any CPU
		{3A800BA6-6D86-4D99-888A-534194188029}.Release|Any CPU.Build.0 = Release|Any CPU
	EndGlobalSection
	GlobalSection(SolutionProperties) = preSolution
		HideSolutionNode = FALSE
	EndGlobalSection
	GlobalSection(ExtensibilityGlobals) = postSolution
		SolutionGuid = {E72B9D47-60C6-4000-BD2B-9062ED55F9E1}
	EndGlobalSection
EndGlobal
